
Microsoft Visual Studio Solution File, Format Version 12.00
# Visual Studio Version 17
VisualStudioVersion = 17.8.34316.72
MinimumVisualStudioVersion = 10.0.40219.1
Project("{2150E333-8FDC-42A3-9474-1A3956D46DE8}") = "01 API", "01 API", "{94CB84B4-437F-44A4-AE92-7882EFAC292D}"
EndProject
Project("{2150E333-8FDC-42A3-9474-1A3956D46DE8}") = "02 BUSSNIES", "02 BUSSNIES", "{4A6A6EBF-142D-4D25-B0ED-94A8DC4F95C4}"
EndProject
Project("{2150E333-8FDC-42A3-9474-1A3956D46DE8}") = "03 SERVICES", "03 SERVICES", "{0E2FB69C-A701-47E1-8C82-43F285013501}"
EndProject
Project("{2150E333-8FDC-42A3-9474-1A3956D46DE8}") = "04 REPOSITORY", "04 REPOSITORY", "{0DAB11DE-436A-430C-B83C-CA2069FAE625}"
EndProject
Project("{2150E333-8FDC-42A3-9474-1A3956D46DE8}") = "05 MODELS", "05 MODELS", "{CD71A834-1A15-49EC-8F3F-E48595EF6A41}"
EndProject
Project("{2150E333-8FDC-42A3-9474-1A3956D46DE8}") = "06 UTILITARIOS", "06 UTILITARIOS", "{6D4B6F0D-B22D-42E2-9847-F7D3A168F7B6}"
EndProject
Project("{2150E333-8FDC-42A3-9474-1A3956D46DE8}") = "EXTRA", "EXTRA", "{13907FD7-E0FC-4545-BB38-E1F81B0088E1}"
	ProjectSection(SolutionItems) = preProject
		TextFile1.txt = TextFile1.txt
	EndProjectSection
EndProject
Project("{9A19103F-16F7-4668-BE54-9A1E7A4F7556}") = "Bussnies", "Bussnies\Bussnies.csproj", "{F8DBD969-9EC3-45C5-9043-0C0FAA3FACD6}"
EndProject
Project("{9A19103F-16F7-4668-BE54-9A1E7A4F7556}") = "Services", "Services\Services.csproj", "{23BB26B2-4B8D-4A39-B1E6-12688FE4AB82}"
EndProject
Project("{9A19103F-16F7-4668-BE54-9A1E7A4F7556}") = "IServices", "IServices\IServices.csproj", "{EDDE02B0-1485-4636-945E-C83776B3FBAC}"
EndProject
Project("{9A19103F-16F7-4668-BE54-9A1E7A4F7556}") = "IRepository", "IRepository\IRepository.csproj", "{71DE5228-37B8-472C-B40B-D02F23F63000}"
EndProject
Project("{9A19103F-16F7-4668-BE54-9A1E7A4F7556}") = "Repository", "Repository\Repository.csproj", "{2283E350-B02D-462A-AFFD-BB20650785B8}"
EndProject
Project("{9A19103F-16F7-4668-BE54-9A1E7A4F7556}") = "BDMaster", "BDMaster\BDMaster.csproj", "{CE395E75-855A-45CB-9BAF-4DC44FB28BF1}"
EndProject
Project("{9A19103F-16F7-4668-BE54-9A1E7A4F7556}") = "ResquestResponsModel", "ResquestResponsModel\ResquestResponsModel.csproj", "{C96D856E-977D-4FE1-8833-AEDA7C8584E7}"
EndProject
Project("{9A19103F-16F7-4668-BE54-9A1E7A4F7556}") = "CommonModel", "CommonModel\CommonModel.csproj", "{C2711931-931B-4E6F-AA19-5D2A54C3D6C2}"
EndProject
Project("{9A19103F-16F7-4668-BE54-9A1E7A4F7556}") = "UtilSecurity", "UtilSecurity\UtilSecurity.csproj", "{A3C39AEF-E000-4D34-9EAD-9A4B786DA7BD}"
EndProject
Project("{9A19103F-16F7-4668-BE54-9A1E7A4F7556}") = "UtilConstans", "UtilConstans\UtilConstans.csproj", "{F83EE63C-8159-44CF-AA48-54C481C15AFE}"
EndProject
Project("{9A19103F-16F7-4668-BE54-9A1E7A4F7556}") = "Master", "Master\Master.csproj", "{0FB2923F-4F1F-4885-BA58-AB92DC2865A2}"
EndProject
Project("{9A19103F-16F7-4668-BE54-9A1E7A4F7556}") = "UtilitarioAutomapper", "UtilitarioAutomapper\UtilitarioAutomapper.csproj", "{41F7C2A9-91F2-48E0-AF2D-BD0E40912105}"
EndProject
Project("{FAE04EC0-301F-11D3-BF4B-00C04F79EFBC}") = "IBussniess", "IBussniess\IBussniess.csproj", "{57018197-DDDC-412B-A9F8-7D0171BBE2E6}"
EndProject
Global
	GlobalSection(SolutionConfigurationPlatforms) = preSolution
		Debug|Any CPU = Debug|Any CPU
		Release|Any CPU = Release|Any CPU
	EndGlobalSection
	GlobalSection(ProjectConfigurationPlatforms) = postSolution
		{F8DBD969-9EC3-45C5-9043-0C0FAA3FACD6}.Debug|Any CPU.ActiveCfg = Debug|Any CPU
		{F8DBD969-9EC3-45C5-9043-0C0FAA3FACD6}.Debug|Any CPU.Build.0 = Debug|Any CPU
		{F8DBD969-9EC3-45C5-9043-0C0FAA3FACD6}.Release|Any CPU.ActiveCfg = Release|Any CPU
		{F8DBD969-9EC3-45C5-9043-0C0FAA3FACD6}.Release|Any CPU.Build.0 = Release|Any CPU
		{23BB26B2-4B8D-4A39-B1E6-12688FE4AB82}.Debug|Any CPU.ActiveCfg = Debug|Any CPU
		{23BB26B2-4B8D-4A39-B1E6-12688FE4AB82}.Debug|Any CPU.Build.0 = Debug|Any CPU
		{23BB26B2-4B8D-4A39-B1E6-12688FE4AB82}.Release|Any CPU.ActiveCfg = Release|Any CPU
		{23BB26B2-4B8D-4A39-B1E6-12688FE4AB82}.Release|Any CPU.Build.0 = Release|Any CPU
		{EDDE02B0-1485-4636-945E-C83776B3FBAC}.Debug|Any CPU.ActiveCfg = Debug|Any CPU
		{EDDE02B0-1485-4636-945E-C83776B3FBAC}.Debug|Any CPU.Build.0 = Debug|Any CPU
		{EDDE02B0-1485-4636-945E-C83776B3FBAC}.Release|Any CPU.ActiveCfg = Release|Any CPU
		{EDDE02B0-1485-4636-945E-C83776B3FBAC}.Release|Any CPU.Build.0 = Release|Any CPU
		{71DE5228-37B8-472C-B40B-D02F23F63000}.Debug|Any CPU.ActiveCfg = Debug|Any CPU
		{71DE5228-37B8-472C-B40B-D02F23F63000}.Debug|Any CPU.Build.0 = Debug|Any CPU
		{71DE5228-37B8-472C-B40B-D02F23F63000}.Release|Any CPU.ActiveCfg = Release|Any CPU
		{71DE5228-37B8-472C-B40B-D02F23F63000}.Release|Any CPU.Build.0 = Release|Any CPU
		{2283E350-B02D-462A-AFFD-BB20650785B8}.Debug|Any CPU.ActiveCfg = Debug|Any CPU
		{2283E350-B02D-462A-AFFD-BB20650785B8}.Debug|Any CPU.Build.0 = Debug|Any CPU
		{2283E350-B02D-462A-AFFD-BB20650785B8}.Release|Any CPU.ActiveCfg = Release|Any CPU
		{2283E350-B02D-462A-AFFD-BB20650785B8}.Release|Any CPU.Build.0 = Release|Any CPU
		{CE395E75-855A-45CB-9BAF-4DC44FB28BF1}.Debug|Any CPU.ActiveCfg = Debug|Any CPU
		{CE395E75-855A-45CB-9BAF-4DC44FB28BF1}.Debug|Any CPU.Build.0 = Debug|Any CPU
		{CE395E75-855A-45CB-9BAF-4DC44FB28BF1}.Release|Any CPU.ActiveCfg = Release|Any CPU
		{CE395E75-855A-45CB-9BAF-4DC44FB28BF1}.Release|Any CPU.Build.0 = Release|Any CPU
		{C96D856E-977D-4FE1-8833-AEDA7C8584E7}.Debug|Any CPU.ActiveCfg = Debug|Any CPU
		{C96D856E-977D-4FE1-8833-AEDA7C8584E7}.Debug|Any CPU.Build.0 = Debug|Any CPU
		{C96D856E-977D-4FE1-8833-AEDA7C8584E7}.Release|Any CPU.ActiveCfg = Release|Any CPU
		{C96D856E-977D-4FE1-8833-AEDA7C8584E7}.Release|Any CPU.Build.0 = Release|Any CPU
		{C2711931-931B-4E6F-AA19-5D2A54C3D6C2}.Debug|Any CPU.ActiveCfg = Debug|Any CPU
		{C2711931-931B-4E6F-AA19-5D2A54C3D6C2}.Debug|Any CPU.Build.0 = Debug|Any CPU
		{C2711931-931B-4E6F-AA19-5D2A54C3D6C2}.Release|Any CPU.ActiveCfg = Release|Any CPU
		{C2711931-931B-4E6F-AA19-5D2A54C3D6C2}.Release|Any CPU.Build.0 = Release|Any CPU
		{A3C39AEF-E000-4D34-9EAD-9A4B786DA7BD}.Debug|Any CPU.ActiveCfg = Debug|Any CPU
		{A3C39AEF-E000-4D34-9EAD-9A4B786DA7BD}.Debug|Any CPU.Build.0 = Debug|Any CPU
		{A3C39AEF-E000-4D34-9EAD-9A4B786DA7BD}.Release|Any CPU.ActiveCfg = Release|Any CPU
		{A3C39AEF-E000-4D34-9EAD-9A4B786DA7BD}.Release|Any CPU.Build.0 = Release|Any CPU
		{F83EE63C-8159-44CF-AA48-54C481C15AFE}.Debug|Any CPU.ActiveCfg = Debug|Any CPU
		{F83EE63C-8159-44CF-AA48-54C481C15AFE}.Debug|Any CPU.Build.0 = Debug|Any CPU
		{F83EE63C-8159-44CF-AA48-54C481C15AFE}.Release|Any CPU.ActiveCfg = Release|Any CPU
		{F83EE63C-8159-44CF-AA48-54C481C15AFE}.Release|Any CPU.Build.0 = Release|Any CPU
		{0FB2923F-4F1F-4885-BA58-AB92DC2865A2}.Debug|Any CPU.ActiveCfg = Debug|Any CPU
		{0FB2923F-4F1F-4885-BA58-AB92DC2865A2}.Debug|Any CPU.Build.0 = Debug|Any CPU
		{0FB2923F-4F1F-4885-BA58-AB92DC2865A2}.Release|Any CPU.ActiveCfg = Release|Any CPU
		{0FB2923F-4F1F-4885-BA58-AB92DC2865A2}.Release|Any CPU.Build.0 = Release|Any CPU
		{41F7C2A9-91F2-48E0-AF2D-BD0E40912105}.Debug|Any CPU.ActiveCfg = Debug|Any CPU
		{41F7C2A9-91F2-48E0-AF2D-BD0E40912105}.Debug|Any CPU.Build.0 = Debug|Any CPU
		{41F7C2A9-91F2-48E0-AF2D-BD0E40912105}.Release|Any CPU.ActiveCfg = Release|Any CPU
		{41F7C2A9-91F2-48E0-AF2D-BD0E40912105}.Release|Any CPU.Build.0 = Release|Any CPU
		{57018197-DDDC-412B-A9F8-7D0171BBE2E6}.Debug|Any CPU.ActiveCfg = Debug|Any CPU
		{57018197-DDDC-412B-A9F8-7D0171BBE2E6}.Debug|Any CPU.Build.0 = Debug|Any CPU
		{57018197-DDDC-412B-A9F8-7D0171BBE2E6}.Release|Any CPU.ActiveCfg = Release|Any CPU
		{57018197-DDDC-412B-A9F8-7D0171BBE2E6}.Release|Any CPU.Build.0 = Release|Any CPU
	EndGlobalSection
	GlobalSection(SolutionProperties) = preSolution
		HideSolutionNode = FALSE
	EndGlobalSection
	GlobalSection(NestedProjects) = preSolution
		{F8DBD969-9EC3-45C5-9043-0C0FAA3FACD6} = {4A6A6EBF-142D-4D25-B0ED-94A8DC4F95C4}
		{23BB26B2-4B8D-4A39-B1E6-12688FE4AB82} = {0E2FB69C-A701-47E1-8C82-43F285013501}
		{EDDE02B0-1485-4636-945E-C83776B3FBAC} = {0E2FB69C-A701-47E1-8C82-43F285013501}
		{71DE5228-37B8-472C-B40B-D02F23F63000} = {0DAB11DE-436A-430C-B83C-CA2069FAE625}
		{2283E350-B02D-462A-AFFD-BB20650785B8} = {0DAB11DE-436A-430C-B83C-CA2069FAE625}
		{CE395E75-855A-45CB-9BAF-4DC44FB28BF1} = {CD71A834-1A15-49EC-8F3F-E48595EF6A41}
		{C96D856E-977D-4FE1-8833-AEDA7C8584E7} = {CD71A834-1A15-49EC-8F3F-E48595EF6A41}
		{C2711931-931B-4E6F-AA19-5D2A54C3D6C2} = {CD71A834-1A15-49EC-8F3F-E48595EF6A41}
		{A3C39AEF-E000-4D34-9EAD-9A4B786DA7BD} = {6D4B6F0D-B22D-42E2-9847-F7D3A168F7B6}
		{F83EE63C-8159-44CF-AA48-54C481C15AFE} = {6D4B6F0D-B22D-42E2-9847-F7D3A168F7B6}
		{0FB2923F-4F1F-4885-BA58-AB92DC2865A2} = {94CB84B4-437F-44A4-AE92-7882EFAC292D}
		{41F7C2A9-91F2-48E0-AF2D-BD0E40912105} = {6D4B6F0D-B22D-42E2-9847-F7D3A168F7B6}
		{57018197-DDDC-412B-A9F8-7D0171BBE2E6} = {4A6A6EBF-142D-4D25-B0ED-94A8DC4F95C4}
	EndGlobalSection
	GlobalSection(ExtensibilityGlobals) = postSolution
		SolutionGuid = {C11D5DD4-31BD-4DDA-BEF8-3589B459CA79}
	EndGlobalSection
EndGlobal
